
Microsoft Visual Studio Solution File, Format Version 12.00
# Visual Studio Version 16
VisualStudioVersion = 16.0.29519.181
MinimumVisualStudioVersion = 10.0.40219.1
Project("{FAE04EC0-301F-11D3-BF4B-00C04F79EFBC}") = "Sanch.Peremenye", "Sanch.Peremenye\Sanch.Peremenye.csproj", "{16BDCB0C-F60A-4968-8228-81775D21F658}"
EndProject
Global
	GlobalSection(SolutionConfigurationPlatforms) = preSolution
		Debug|Any CPU = Debug|Any CPU
		Release|Any CPU = Release|Any CPU
	EndGlobalSection
	GlobalSection(ProjectConfigurationPlatforms) = postSolution
		{16BDCB0C-F60A-4968-8228-81775D21F658}.Debug|Any CPU.ActiveCfg = Debug|Any CPU
		{16BDCB0C-F60A-4968-8228-81775D21F658}.Debug|Any CPU.Build.0 = Debug|Any CPU
		{16BDCB0C-F60A-4968-8228-81775D21F658}.Release|Any CPU.ActiveCfg = Release|Any CPU
		{16BDCB0C-F60A-4968-8228-81775D21F658}.Release|Any CPU.Build.0 = Release|Any CPU
	EndGlobalSection
	GlobalSection(SolutionProperties) = preSolution
		HideSolutionNode = FALSE
	EndGlobalSection
	GlobalSection(ExtensibilityGlobals) = postSolution
		SolutionGuid = {14D1C514-5C3C-4617-B85C-FC8117B513AC}
	EndGlobalSection
EndGlobal
